
Microsoft Visual Studio Solution File, Format Version 12.00
# Visual Studio 15
VisualStudioVersion = 15.0.28307.489
MinimumVisualStudioVersion = 10.0.40219.1
Project("{FAE04EC0-301F-11D3-BF4B-00C04F79EFBC}") = "ExtensionAWSDeviceFarm", "ExtensionAWSDeviceFarm\ExtensionAWSDeviceFarm.csproj", "{01059A12-AEA2-4084-AC02-C2ED4258EAEE}"
EndProject
Global
	GlobalSection(SolutionConfigurationPlatforms) = preSolution
		Debug|Any CPU = Debug|Any CPU
		Release|Any CPU = Release|Any CPU
	EndGlobalSection
	GlobalSection(ProjectConfigurationPlatforms) = postSolution
		{01059A12-AEA2-4084-AC02-C2ED4258EAEE}.Debug|Any CPU.ActiveCfg = Debug|Any CPU
		{01059A12-AEA2-4084-AC02-C2ED4258EAEE}.Debug|Any CPU.Build.0 = Debug|Any CPU
		{01059A12-AEA2-4084-AC02-C2ED4258EAEE}.Release|Any CPU.ActiveCfg = Release|Any CPU
		{01059A12-AEA2-4084-AC02-C2ED4258EAEE}.Release|Any CPU.Build.0 = Release|Any CPU
	EndGlobalSection
	GlobalSection(SolutionProperties) = preSolution
		HideSolutionNode = FALSE
	EndGlobalSection
	GlobalSection(ExtensibilityGlobals) = postSolution
		SolutionGuid = {5AC52CCE-69F2-422A-B8FA-2A84BEB519D2}
	EndGlobalSection
EndGlobal
